// !$*UTF8*$!
{
	archiveVersion = 1;
	classes = {
	};
	objectVersion = 55;
	objects = {

/* Begin PBXBuildFile section */
		3B0A2AE92881082D00B3FECD /* CompetitionHomeScreenCell.swift in Sources */ = {isa = PBXBuildFile; fileRef = 3B0A2AE82881082D00B3FECD /* CompetitionHomeScreenCell.swift */; };
		3B0A2AEB28810EDC00B3FECD /* TestController.swift in Sources */ = {isa = PBXBuildFile; fileRef = 3B0A2AEA28810EDC00B3FECD /* TestController.swift */; };
		3B2E015E28B46E380014322C /* RemainingTimeCell.swift in Sources */ = {isa = PBXBuildFile; fileRef = 3B2E015D28B46E380014322C /* RemainingTimeCell.swift */; };
		3B2E016028B549160014322C /* MemberRankTableCell.swift in Sources */ = {isa = PBXBuildFile; fileRef = 3B2E015F28B549160014322C /* MemberRankTableCell.swift */; };
		3B2E016228B57A3A0014322C /* TimeRemainingCell.swift in Sources */ = {isa = PBXBuildFile; fileRef = 3B2E016128B57A3A0014322C /* TimeRemainingCell.swift */; };
		3B2E016528C6E34F0014322C /* FirebaseStorage in Frameworks */ = {isa = PBXBuildFile; productRef = 3B2E016428C6E34F0014322C /* FirebaseStorage */; };
		3B2E016828C6E3EF0014322C /* FirebaseAuth in Frameworks */ = {isa = PBXBuildFile; productRef = 3B2E016728C6E3EF0014322C /* FirebaseAuth */; };
		3B2E016A28C6E3EF0014322C /* FirebaseDatabase in Frameworks */ = {isa = PBXBuildFile; productRef = 3B2E016928C6E3EF0014322C /* FirebaseDatabase */; };
		3B2E016C28C6E3EF0014322C /* FirebaseDatabaseSwift in Frameworks */ = {isa = PBXBuildFile; productRef = 3B2E016B28C6E3EF0014322C /* FirebaseDatabaseSwift */; };
		3B2E016E28C6E3EF0014322C /* FirebaseFirestore in Frameworks */ = {isa = PBXBuildFile; productRef = 3B2E016D28C6E3EF0014322C /* FirebaseFirestore */; };
		3B2E017028C6E3EF0014322C /* FirebaseStorage in Frameworks */ = {isa = PBXBuildFile; productRef = 3B2E016F28C6E3EF0014322C /* FirebaseStorage */; };
		3B2E017228C6E73E0014322C /* StorageManager.swift in Sources */ = {isa = PBXBuildFile; fileRef = 3B2E017128C6E73E0014322C /* StorageManager.swift */; };
		3B312B9E2864048100784BFF /* SignInVC.swift in Sources */ = {isa = PBXBuildFile; fileRef = 3B312B9D2864048100784BFF /* SignInVC.swift */; };
		3B312BA028640D6200784BFF /* AuthManager.swift in Sources */ = {isa = PBXBuildFile; fileRef = 3B312B9F28640D6200784BFF /* AuthManager.swift */; };
		3B312BA228640DD700784BFF /* SignUpVC.swift in Sources */ = {isa = PBXBuildFile; fileRef = 3B312BA128640DD700784BFF /* SignUpVC.swift */; };
		3B312BC4286517A600784BFF /* Extensions.swift in Sources */ = {isa = PBXBuildFile; fileRef = 3B312BC3286517A600784BFF /* Extensions.swift */; };
		3B312BC6286557C500784BFF /* DatabaseManager.swift in Sources */ = {isa = PBXBuildFile; fileRef = 3B312BC5286557C500784BFF /* DatabaseManager.swift */; };
		3B312BC82867FB2000784BFF /* TabBarController.swift in Sources */ = {isa = PBXBuildFile; fileRef = 3B312BC72867FB1F00784BFF /* TabBarController.swift */; };
		3B312BCA2867FBA000784BFF /* CompetitionVC.swift in Sources */ = {isa = PBXBuildFile; fileRef = 3B312BC92867FBA000784BFF /* CompetitionVC.swift */; };
		3B312BCC2867FBBA00784BFF /* HomeVC.swift in Sources */ = {isa = PBXBuildFile; fileRef = 3B312BCB2867FBBA00784BFF /* HomeVC.swift */; };
		3B312BD0286F691F00784BFF /* CustomCellCollectionViewCell.swift in Sources */ = {isa = PBXBuildFile; fileRef = 3B312BCF286F691F00784BFF /* CustomCellCollectionViewCell.swift */; };
		3B5195022882975C00465D6B /* DateCell.swift in Sources */ = {isa = PBXBuildFile; fileRef = 3B5195012882975C00465D6B /* DateCell.swift */; };
		3B51950428837A6000465D6B /* MetricCell.swift in Sources */ = {isa = PBXBuildFile; fileRef = 3B51950328837A6000465D6B /* MetricCell.swift */; };
		3B5D7DE22887946600A3269F /* AddCompModal.swift in Sources */ = {isa = PBXBuildFile; fileRef = 3B5D7DE12887946600A3269F /* AddCompModal.swift */; };
		3B5D7DE4288B4CC400A3269F /* HeaderCell.swift in Sources */ = {isa = PBXBuildFile; fileRef = 3B5D7DE3288B4CC400A3269F /* HeaderCell.swift */; };
		3B5D7DE8288D1E0B00A3269F /* CompetitionPage.swift in Sources */ = {isa = PBXBuildFile; fileRef = 3B5D7DE7288D1E0B00A3269F /* CompetitionPage.swift */; };
		3B6A4FFD281B88DD00134B6E /* LoginViewController.swift in Sources */ = {isa = PBXBuildFile; fileRef = 3B6A4FFC281B88DD00134B6E /* LoginViewController.swift */; };
		3B6A5000281B8B3100134B6E /* FirebaseAuth in Frameworks */ = {isa = PBXBuildFile; productRef = 3B6A4FFF281B8B3100134B6E /* FirebaseAuth */; };
		3B6A5002281B8B3100134B6E /* FirebaseFirestore in Frameworks */ = {isa = PBXBuildFile; productRef = 3B6A5001281B8B3100134B6E /* FirebaseFirestore */; };
		3B6A5005281B8B9A00134B6E /* FirebaseAuthUI in Frameworks */ = {isa = PBXBuildFile; productRef = 3B6A5004281B8B9A00134B6E /* FirebaseAuthUI */; };
		3B6A5007281B8B9A00134B6E /* FirebaseEmailAuthUI in Frameworks */ = {isa = PBXBuildFile; productRef = 3B6A5006281B8B9A00134B6E /* FirebaseEmailAuthUI */; };
		3B6A5009281B8B9A00134B6E /* FirebaseFirestoreUI in Frameworks */ = {isa = PBXBuildFile; productRef = 3B6A5008281B8B9A00134B6E /* FirebaseFirestoreUI */; };
		3B6A500B281B8D5F00134B6E /* GoogleService-Info.plist in Resources */ = {isa = PBXBuildFile; fileRef = 3B6A500A281B8D5F00134B6E /* GoogleService-Info.plist */; };
		3B6A500D281CCD3F00134B6E /* UserService.swift in Sources */ = {isa = PBXBuildFile; fileRef = 3B6A500C281CCD3F00134B6E /* UserService.swift */; };
		3B6A500F281CD63500134B6E /* WinFitUser.swift in Sources */ = {isa = PBXBuildFile; fileRef = 3B6A500E281CD63500134B6E /* WinFitUser.swift */; };
		3B6A5011281CDCBD00134B6E /* CreateProfileViewController.swift in Sources */ = {isa = PBXBuildFile; fileRef = 3B6A5010281CDCBD00134B6E /* CreateProfileViewController.swift */; };
		3B7B605028B3001B0060135E /* MemberRankCell.swift in Sources */ = {isa = PBXBuildFile; fileRef = 3B7B604F28B3001B0060135E /* MemberRankCell.swift */; };
		3BB84AE5280B9507001BDABD /* AppDelegate.swift in Sources */ = {isa = PBXBuildFile; fileRef = 3BB84AE4280B9507001BDABD /* AppDelegate.swift */; };
		3BB84AE7280B9507001BDABD /* SceneDelegate.swift in Sources */ = {isa = PBXBuildFile; fileRef = 3BB84AE6280B9507001BDABD /* SceneDelegate.swift */; };
		3BB84AE9280B9507001BDABD /* ViewController.swift in Sources */ = {isa = PBXBuildFile; fileRef = 3BB84AE8280B9507001BDABD /* ViewController.swift */; };
		3BB84AEC280B9507001BDABD /* Main.storyboard in Resources */ = {isa = PBXBuildFile; fileRef = 3BB84AEA280B9507001BDABD /* Main.storyboard */; };
		3BB84AEE280B9508001BDABD /* Assets.xcassets in Resources */ = {isa = PBXBuildFile; fileRef = 3BB84AED280B9508001BDABD /* Assets.xcassets */; };
		3BB84AF1280B9508001BDABD /* LaunchScreen.storyboard in Resources */ = {isa = PBXBuildFile; fileRef = 3BB84AEF280B9508001BDABD /* LaunchScreen.storyboard */; };
		3BB84AF9280B98BE001BDABD /* CompetitionPageVC.swift in Sources */ = {isa = PBXBuildFile; fileRef = 3BB84AF8280B98BE001BDABD /* CompetitionPageVC.swift */; };
		3BB84B21280E5FFF001BDABD /* HealthKit.framework in Frameworks */ = {isa = PBXBuildFile; fileRef = 3BB84B20280E5FFF001BDABD /* HealthKit.framework */; };
		3BB84B24280E6973001BDABD /* HealthKit.swift in Sources */ = {isa = PBXBuildFile; fileRef = 3BB84B23280E6973001BDABD /* HealthKit.swift */; };
/* End PBXBuildFile section */

/* Begin PBXFileReference section */
		3B0A2AE82881082D00B3FECD /* CompetitionHomeScreenCell.swift */ = {isa = PBXFileReference; lastKnownFileType = sourcecode.swift; path = CompetitionHomeScreenCell.swift; sourceTree = "<group>"; };
		3B0A2AEA28810EDC00B3FECD /* TestController.swift */ = {isa = PBXFileReference; lastKnownFileType = sourcecode.swift; path = TestController.swift; sourceTree = "<group>"; };
		3B2E015D28B46E380014322C /* RemainingTimeCell.swift */ = {isa = PBXFileReference; lastKnownFileType = sourcecode.swift; path = RemainingTimeCell.swift; sourceTree = "<group>"; };
		3B2E015F28B549160014322C /* MemberRankTableCell.swift */ = {isa = PBXFileReference; lastKnownFileType = sourcecode.swift; path = MemberRankTableCell.swift; sourceTree = "<group>"; };
		3B2E016128B57A3A0014322C /* TimeRemainingCell.swift */ = {isa = PBXFileReference; lastKnownFileType = sourcecode.swift; path = TimeRemainingCell.swift; sourceTree = "<group>"; };
		3B2E017128C6E73E0014322C /* StorageManager.swift */ = {isa = PBXFileReference; lastKnownFileType = sourcecode.swift; path = StorageManager.swift; sourceTree = "<group>"; };
		3B312B9D2864048100784BFF /* SignInVC.swift */ = {isa = PBXFileReference; lastKnownFileType = sourcecode.swift; path = SignInVC.swift; sourceTree = "<group>"; };
		3B312B9F28640D6200784BFF /* AuthManager.swift */ = {isa = PBXFileReference; lastKnownFileType = sourcecode.swift; path = AuthManager.swift; sourceTree = "<group>"; };
		3B312BA128640DD700784BFF /* SignUpVC.swift */ = {isa = PBXFileReference; lastKnownFileType = sourcecode.swift; path = SignUpVC.swift; sourceTree = "<group>"; };
		3B312BC3286517A600784BFF /* Extensions.swift */ = {isa = PBXFileReference; lastKnownFileType = sourcecode.swift; path = Extensions.swift; sourceTree = "<group>"; };
		3B312BC5286557C500784BFF /* DatabaseManager.swift */ = {isa = PBXFileReference; lastKnownFileType = sourcecode.swift; path = DatabaseManager.swift; sourceTree = "<group>"; };
		3B312BC72867FB1F00784BFF /* TabBarController.swift */ = {isa = PBXFileReference; lastKnownFileType = sourcecode.swift; path = TabBarController.swift; sourceTree = "<group>"; };
		3B312BC92867FBA000784BFF /* CompetitionVC.swift */ = {isa = PBXFileReference; fileEncoding = 4; lastKnownFileType = sourcecode.swift; path = CompetitionVC.swift; sourceTree = "<group>"; };
		3B312BCB2867FBBA00784BFF /* HomeVC.swift */ = {isa = PBXFileReference; fileEncoding = 4; lastKnownFileType = sourcecode.swift; path = HomeVC.swift; sourceTree = "<group>"; };
		3B312BCF286F691F00784BFF /* CustomCellCollectionViewCell.swift */ = {isa = PBXFileReference; lastKnownFileType = sourcecode.swift; path = CustomCellCollectionViewCell.swift; sourceTree = "<group>"; };
		3B5195012882975C00465D6B /* DateCell.swift */ = {isa = PBXFileReference; lastKnownFileType = sourcecode.swift; path = DateCell.swift; sourceTree = "<group>"; };
		3B51950328837A6000465D6B /* MetricCell.swift */ = {isa = PBXFileReference; lastKnownFileType = sourcecode.swift; path = MetricCell.swift; sourceTree = "<group>"; };
		3B5D7DE12887946600A3269F /* AddCompModal.swift */ = {isa = PBXFileReference; lastKnownFileType = sourcecode.swift; path = AddCompModal.swift; sourceTree = "<group>"; };
		3B5D7DE3288B4CC400A3269F /* HeaderCell.swift */ = {isa = PBXFileReference; lastKnownFileType = sourcecode.swift; path = HeaderCell.swift; sourceTree = "<group>"; };
		3B5D7DE7288D1E0B00A3269F /* CompetitionPage.swift */ = {isa = PBXFileReference; lastKnownFileType = sourcecode.swift; path = CompetitionPage.swift; sourceTree = "<group>"; };
		3B6A4FFC281B88DD00134B6E /* LoginViewController.swift */ = {isa = PBXFileReference; lastKnownFileType = sourcecode.swift; path = LoginViewController.swift; sourceTree = "<group>"; };
		3B6A500A281B8D5F00134B6E /* GoogleService-Info.plist */ = {isa = PBXFileReference; fileEncoding = 4; lastKnownFileType = text.plist.xml; path = "GoogleService-Info.plist"; sourceTree = "<group>"; };
		3B6A500C281CCD3F00134B6E /* UserService.swift */ = {isa = PBXFileReference; lastKnownFileType = sourcecode.swift; path = UserService.swift; sourceTree = "<group>"; };
		3B6A500E281CD63500134B6E /* WinFitUser.swift */ = {isa = PBXFileReference; lastKnownFileType = sourcecode.swift; path = WinFitUser.swift; sourceTree = "<group>"; };
		3B6A5010281CDCBD00134B6E /* CreateProfileViewController.swift */ = {isa = PBXFileReference; lastKnownFileType = sourcecode.swift; path = CreateProfileViewController.swift; sourceTree = "<group>"; };
		3B7B604F28B3001B0060135E /* MemberRankCell.swift */ = {isa = PBXFileReference; lastKnownFileType = sourcecode.swift; path = MemberRankCell.swift; sourceTree = "<group>"; };
		3BB84AE1280B9507001BDABD /* WinFit StoryBoard.app */ = {isa = PBXFileReference; explicitFileType = wrapper.application; includeInIndex = 0; path = "WinFit StoryBoard.app"; sourceTree = BUILT_PRODUCTS_DIR; };
		3BB84AE4280B9507001BDABD /* AppDelegate.swift */ = {isa = PBXFileReference; lastKnownFileType = sourcecode.swift; path = AppDelegate.swift; sourceTree = "<group>"; };
		3BB84AE6280B9507001BDABD /* SceneDelegate.swift */ = {isa = PBXFileReference; lastKnownFileType = sourcecode.swift; path = SceneDelegate.swift; sourceTree = "<group>"; };
		3BB84AE8280B9507001BDABD /* ViewController.swift */ = {isa = PBXFileReference; lastKnownFileType = sourcecode.swift; path = ViewController.swift; sourceTree = "<group>"; };
		3BB84AEB280B9507001BDABD /* Base */ = {isa = PBXFileReference; lastKnownFileType = file.storyboard; name = Base; path = Base.lproj/Main.storyboard; sourceTree = "<group>"; };
		3BB84AED280B9508001BDABD /* Assets.xcassets */ = {isa = PBXFileReference; lastKnownFileType = folder.assetcatalog; path = Assets.xcassets; sourceTree = "<group>"; };
		3BB84AF0280B9508001BDABD /* Base */ = {isa = PBXFileReference; lastKnownFileType = file.storyboard; name = Base; path = Base.lproj/LaunchScreen.storyboard; sourceTree = "<group>"; };
		3BB84AF2280B9508001BDABD /* Info.plist */ = {isa = PBXFileReference; lastKnownFileType = text.plist.xml; path = Info.plist; sourceTree = "<group>"; };
		3BB84AF8280B98BE001BDABD /* CompetitionPageVC.swift */ = {isa = PBXFileReference; lastKnownFileType = sourcecode.swift; path = CompetitionPageVC.swift; sourceTree = "<group>"; };
		3BB84B1E280E5FFF001BDABD /* WinFit StoryBoard.entitlements */ = {isa = PBXFileReference; lastKnownFileType = text.plist.entitlements; path = "WinFit StoryBoard.entitlements"; sourceTree = "<group>"; };
		3BB84B20280E5FFF001BDABD /* HealthKit.framework */ = {isa = PBXFileReference; lastKnownFileType = wrapper.framework; name = HealthKit.framework; path = System/Library/Frameworks/HealthKit.framework; sourceTree = SDKROOT; };
		3BB84B23280E6973001BDABD /* HealthKit.swift */ = {isa = PBXFileReference; lastKnownFileType = sourcecode.swift; path = HealthKit.swift; sourceTree = "<group>"; };
/* End PBXFileReference section */

/* Begin PBXFrameworksBuildPhase section */
		3BB84ADE280B9507001BDABD /* Frameworks */ = {
			isa = PBXFrameworksBuildPhase;
			buildActionMask = 2147483647;
			files = (
				3B2E016C28C6E3EF0014322C /* FirebaseDatabaseSwift in Frameworks */,
				3B6A5007281B8B9A00134B6E /* FirebaseEmailAuthUI in Frameworks */,
				3B6A5009281B8B9A00134B6E /* FirebaseFirestoreUI in Frameworks */,
				3BB84B21280E5FFF001BDABD /* HealthKit.framework in Frameworks */,
				3B6A5000281B8B3100134B6E /* FirebaseAuth in Frameworks */,
				3B2E017028C6E3EF0014322C /* FirebaseStorage in Frameworks */,
				3B2E016528C6E34F0014322C /* FirebaseStorage in Frameworks */,
				3B6A5002281B8B3100134B6E /* FirebaseFirestore in Frameworks */,
				3B2E016A28C6E3EF0014322C /* FirebaseDatabase in Frameworks */,
				3B6A5005281B8B9A00134B6E /* FirebaseAuthUI in Frameworks */,
				3B2E016E28C6E3EF0014322C /* FirebaseFirestore in Frameworks */,
				3B2E016828C6E3EF0014322C /* FirebaseAuth in Frameworks */,
			);
			runOnlyForDeploymentPostprocessing = 0;
		};
/* End PBXFrameworksBuildPhase section */

/* Begin PBXGroup section */
		3B312B6D2861732F00784BFF /* Views */ = {
			isa = PBXGroup;
			children = (
				3B312BA128640DD700784BFF /* SignUpVC.swift */,
				3B312BC72867FB1F00784BFF /* TabBarController.swift */,
				3B312B9D2864048100784BFF /* SignInVC.swift */,
				3BA4B91728A8601B00ECC284 /* Cells */,
				3B312BCB2867FBBA00784BFF /* HomeVC.swift */,
				3B312BC3286517A600784BFF /* Extensions.swift */,
				3B5D7DE12887946600A3269F /* AddCompModal.swift */,
				3B5D7DE7288D1E0B00A3269F /* CompetitionPage.swift */,
			);
			path = Views;
			sourceTree = "<group>";
		};
		3BA4B91628A85FBD00ECC284 /* Unused */ = {
			isa = PBXGroup;
			children = (
				3B6A4FFC281B88DD00134B6E /* LoginViewController.swift */,
				3B6A5010281CDCBD00134B6E /* CreateProfileViewController.swift */,
				3BB84AF8280B98BE001BDABD /* CompetitionPageVC.swift */,
				3B0A2AEA28810EDC00B3FECD /* TestController.swift */,
				3BB84AEA280B9507001BDABD /* Main.storyboard */,
				3BB84AE8280B9507001BDABD /* ViewController.swift */,
			);
			path = Unused;
			sourceTree = "<group>";
		};
		3BA4B91728A8601B00ECC284 /* Cells */ = {
			isa = PBXGroup;
			children = (
				3B312BCF286F691F00784BFF /* CustomCellCollectionViewCell.swift */,
				3B5D7DE3288B4CC400A3269F /* HeaderCell.swift */,
				3B51950328837A6000465D6B /* MetricCell.swift */,
				3B5195012882975C00465D6B /* DateCell.swift */,
				3B0A2AE82881082D00B3FECD /* CompetitionHomeScreenCell.swift */,
				3B7B604F28B3001B0060135E /* MemberRankCell.swift */,
				3B2E015D28B46E380014322C /* RemainingTimeCell.swift */,
				3B2E015F28B549160014322C /* MemberRankTableCell.swift */,
				3B2E016128B57A3A0014322C /* TimeRemainingCell.swift */,
			);
			path = Cells;
			sourceTree = "<group>";
		};
		3BA4B91828A8606800ECC284 /* Managers */ = {
			isa = PBXGroup;
			children = (
				3B312B9F28640D6200784BFF /* AuthManager.swift */,
				3B312BC5286557C500784BFF /* DatabaseManager.swift */,
				3BB84B23280E6973001BDABD /* HealthKit.swift */,
				3B2E017128C6E73E0014322C /* StorageManager.swift */,
			);
			path = Managers;
			sourceTree = "<group>";
		};
		3BA4B91928A860B900ECC284 /* Models */ = {
			isa = PBXGroup;
			children = (
				3B6A500E281CD63500134B6E /* WinFitUser.swift */,
			);
			path = Models;
			sourceTree = "<group>";
		};
		3BB84AD8280B9507001BDABD = {
			isa = PBXGroup;
			children = (
				3BB84AE3280B9507001BDABD /* WinFit StoryBoard */,
				3BB84AE2280B9507001BDABD /* Products */,
				3BB84B1F280E5FFF001BDABD /* Frameworks */,
			);
			sourceTree = "<group>";
		};
		3BB84AE2280B9507001BDABD /* Products */ = {
			isa = PBXGroup;
			children = (
				3BB84AE1280B9507001BDABD /* WinFit StoryBoard.app */,
			);
			name = Products;
			sourceTree = "<group>";
		};
		3BB84AE3280B9507001BDABD /* WinFit StoryBoard */ = {
			isa = PBXGroup;
			children = (
				3BA4B91628A85FBD00ECC284 /* Unused */,
				3BA4B91928A860B900ECC284 /* Models */,
				3BA4B91828A8606800ECC284 /* Managers */,
				3B312B6D2861732F00784BFF /* Views */,
				3BB84B1E280E5FFF001BDABD /* WinFit StoryBoard.entitlements */,
				3B312BC92867FBA000784BFF /* CompetitionVC.swift */,
				3BB84AE4280B9507001BDABD /* AppDelegate.swift */,
				3BB84AE6280B9507001BDABD /* SceneDelegate.swift */,
				3B6A500A281B8D5F00134B6E /* GoogleService-Info.plist */,
				3BB84AED280B9508001BDABD /* Assets.xcassets */,
				3BB84AEF280B9508001BDABD /* LaunchScreen.storyboard */,
				3BB84AF2280B9508001BDABD /* Info.plist */,
				3B6A500C281CCD3F00134B6E /* UserService.swift */,
			);
			path = "WinFit StoryBoard";
			sourceTree = "<group>";
		};
		3BB84B1F280E5FFF001BDABD /* Frameworks */ = {
			isa = PBXGroup;
			children = (
				3BB84B20280E5FFF001BDABD /* HealthKit.framework */,
			);
			name = Frameworks;
			sourceTree = "<group>";
		};
/* End PBXGroup section */

/* Begin PBXNativeTarget section */
		3BB84AE0280B9507001BDABD /* WinFit StoryBoard */ = {
			isa = PBXNativeTarget;
			buildConfigurationList = 3BB84AF5280B9508001BDABD /* Build configuration list for PBXNativeTarget "WinFit StoryBoard" */;
			buildPhases = (
				3BB84ADD280B9507001BDABD /* Sources */,
				3BB84ADE280B9507001BDABD /* Frameworks */,
				3BB84ADF280B9507001BDABD /* Resources */,
			);
			buildRules = (
			);
			dependencies = (
			);
			name = "WinFit StoryBoard";
			packageProductDependencies = (
				3B6A4FFF281B8B3100134B6E /* FirebaseAuth */,
				3B6A5001281B8B3100134B6E /* FirebaseFirestore */,
				3B6A5004281B8B9A00134B6E /* FirebaseAuthUI */,
				3B6A5006281B8B9A00134B6E /* FirebaseEmailAuthUI */,
				3B6A5008281B8B9A00134B6E /* FirebaseFirestoreUI */,
				3B2E016428C6E34F0014322C /* FirebaseStorage */,
				3B2E016728C6E3EF0014322C /* FirebaseAuth */,
				3B2E016928C6E3EF0014322C /* FirebaseDatabase */,
				3B2E016B28C6E3EF0014322C /* FirebaseDatabaseSwift */,
				3B2E016D28C6E3EF0014322C /* FirebaseFirestore */,
				3B2E016F28C6E3EF0014322C /* FirebaseStorage */,
			);
			productName = "WinFit StoryBoard";
			productReference = 3BB84AE1280B9507001BDABD /* WinFit StoryBoard.app */;
			productType = "com.apple.product-type.application";
		};
/* End PBXNativeTarget section */

/* Begin PBXProject section */
		3BB84AD9280B9507001BDABD /* Project object */ = {
			isa = PBXProject;
			attributes = {
				BuildIndependentTargetsInParallel = 1;
				LastSwiftUpdateCheck = 1330;
				LastUpgradeCheck = 1330;
				TargetAttributes = {
					3BB84AE0280B9507001BDABD = {
						CreatedOnToolsVersion = 13.3.1;
					};
				};
			};
			buildConfigurationList = 3BB84ADC280B9507001BDABD /* Build configuration list for PBXProject "WinFit StoryBoard" */;
			compatibilityVersion = "Xcode 13.0";
			developmentRegion = en;
			hasScannedForEncodings = 0;
			knownRegions = (
				en,
				Base,
			);
			mainGroup = 3BB84AD8280B9507001BDABD;
			packageReferences = (
				3B6A4FFE281B8B3100134B6E /* XCRemoteSwiftPackageReference "firebase-ios-sdk" */,
				3B6A5003281B8B9A00134B6E /* XCRemoteSwiftPackageReference "FirebaseUI-iOS" */,
				3B2E016328C6E34F0014322C /* XCRemoteSwiftPackageReference "firebase-ios-sdk" */,
				3B2E016628C6E3EF0014322C /* XCRemoteSwiftPackageReference "firebase-ios-sdk" */,
			);
			productRefGroup = 3BB84AE2280B9507001BDABD /* Products */;
			projectDirPath = "";
			projectRoot = "";
			targets = (
				3BB84AE0280B9507001BDABD /* WinFit StoryBoard */,
			);
		};
/* End PBXProject section */

/* Begin PBXResourcesBuildPhase section */
		3BB84ADF280B9507001BDABD /* Resources */ = {
			isa = PBXResourcesBuildPhase;
			buildActionMask = 2147483647;
			files = (
				3BB84AF1280B9508001BDABD /* LaunchScreen.storyboard in Resources */,
				3BB84AEE280B9508001BDABD /* Assets.xcassets in Resources */,
				3BB84AEC280B9507001BDABD /* Main.storyboard in Resources */,
				3B6A500B281B8D5F00134B6E /* GoogleService-Info.plist in Resources */,
			);
			runOnlyForDeploymentPostprocessing = 0;
		};
/* End PBXResourcesBuildPhase section */

/* Begin PBXSourcesBuildPhase section */
		3BB84ADD280B9507001BDABD /* Sources */ = {
			isa = PBXSourcesBuildPhase;
			buildActionMask = 2147483647;
			files = (
				3B6A500D281CCD3F00134B6E /* UserService.swift in Sources */,
				3B6A5011281CDCBD00134B6E /* CreateProfileViewController.swift in Sources */,
				3B6A4FFD281B88DD00134B6E /* LoginViewController.swift in Sources */,
				3B312BC82867FB2000784BFF /* TabBarController.swift in Sources */,
				3B5D7DE4288B4CC400A3269F /* HeaderCell.swift in Sources */,
				3BB84AE9280B9507001BDABD /* ViewController.swift in Sources */,
				3B5D7DE22887946600A3269F /* AddCompModal.swift in Sources */,
				3B312BA228640DD700784BFF /* SignUpVC.swift in Sources */,
				3B0A2AEB28810EDC00B3FECD /* TestController.swift in Sources */,
				3B312B9E2864048100784BFF /* SignInVC.swift in Sources */,
				3B312BCC2867FBBA00784BFF /* HomeVC.swift in Sources */,
				3B312BC6286557C500784BFF /* DatabaseManager.swift in Sources */,
				3B6A500F281CD63500134B6E /* WinFitUser.swift in Sources */,
				3B2E015E28B46E380014322C /* RemainingTimeCell.swift in Sources */,
				3BB84AE5280B9507001BDABD /* AppDelegate.swift in Sources */,
				3B312BC4286517A600784BFF /* Extensions.swift in Sources */,
				3B2E016028B549160014322C /* MemberRankTableCell.swift in Sources */,
				3B312BCA2867FBA000784BFF /* CompetitionVC.swift in Sources */,
				3BB84B24280E6973001BDABD /* HealthKit.swift in Sources */,
				3B7B605028B3001B0060135E /* MemberRankCell.swift in Sources */,
				3B312BA028640D6200784BFF /* AuthManager.swift in Sources */,
				3B5195022882975C00465D6B /* DateCell.swift in Sources */,
				3B2E016228B57A3A0014322C /* TimeRemainingCell.swift in Sources */,
				3B51950428837A6000465D6B /* MetricCell.swift in Sources */,
				3BB84AE7280B9507001BDABD /* SceneDelegate.swift in Sources */,
				3B0A2AE92881082D00B3FECD /* CompetitionHomeScreenCell.swift in Sources */,
				3BB84AF9280B98BE001BDABD /* CompetitionPageVC.swift in Sources */,
				3B2E017228C6E73E0014322C /* StorageManager.swift in Sources */,
				3B5D7DE8288D1E0B00A3269F /* CompetitionPage.swift in Sources */,
				3B312BD0286F691F00784BFF /* CustomCellCollectionViewCell.swift in Sources */,
			);
			runOnlyForDeploymentPostprocessing = 0;
		};
/* End PBXSourcesBuildPhase section */

/* Begin PBXVariantGroup section */
		3BB84AEA280B9507001BDABD /* Main.storyboard */ = {
			isa = PBXVariantGroup;
			children = (
				3BB84AEB280B9507001BDABD /* Base */,
			);
			name = Main.storyboard;
			sourceTree = "<group>";
		};
		3BB84AEF280B9508001BDABD /* LaunchScreen.storyboard */ = {
			isa = PBXVariantGroup;
			children = (
				3BB84AF0280B9508001BDABD /* Base */,
			);
			name = LaunchScreen.storyboard;
			sourceTree = "<group>";
		};
/* End PBXVariantGroup section */

/* Begin XCBuildConfiguration section */
		3BB84AF3280B9508001BDABD /* Debug */ = {
			isa = XCBuildConfiguration;
			buildSettings = {
				ALWAYS_SEARCH_USER_PATHS = NO;
				CLANG_ANALYZER_NONNULL = YES;
				CLANG_ANALYZER_NUMBER_OBJECT_CONVERSION = YES_AGGRESSIVE;
				CLANG_CXX_LANGUAGE_STANDARD = "gnu++17";
				CLANG_ENABLE_MODULES = YES;
				CLANG_ENABLE_OBJC_ARC = YES;
				CLANG_ENABLE_OBJC_WEAK = YES;
				CLANG_WARN_BLOCK_CAPTURE_AUTORELEASING = YES;
				CLANG_WARN_BOOL_CONVERSION = YES;
				CLANG_WARN_COMMA = YES;
				CLANG_WARN_CONSTANT_CONVERSION = YES;
				CLANG_WARN_DEPRECATED_OBJC_IMPLEMENTATIONS = YES;
				CLANG_WARN_DIRECT_OBJC_ISA_USAGE = YES_ERROR;
				CLANG_WARN_DOCUMENTATION_COMMENTS = YES;
				CLANG_WARN_EMPTY_BODY = YES;
				CLANG_WARN_ENUM_CONVERSION = YES;
				CLANG_WARN_INFINITE_RECURSION = YES;
				CLANG_WARN_INT_CONVERSION = YES;
				CLANG_WARN_NON_LITERAL_NULL_CONVERSION = YES;
				CLANG_WARN_OBJC_IMPLICIT_RETAIN_SELF = YES;
				CLANG_WARN_OBJC_LITERAL_CONVERSION = YES;
				CLANG_WARN_OBJC_ROOT_CLASS = YES_ERROR;
				CLANG_WARN_QUOTED_INCLUDE_IN_FRAMEWORK_HEADER = YES;
				CLANG_WARN_RANGE_LOOP_ANALYSIS = YES;
				CLANG_WARN_STRICT_PROTOTYPES = YES;
				CLANG_WARN_SUSPICIOUS_MOVE = YES;
				CLANG_WARN_UNGUARDED_AVAILABILITY = YES_AGGRESSIVE;
				CLANG_WARN_UNREACHABLE_CODE = YES;
				CLANG_WARN__DUPLICATE_METHOD_MATCH = YES;
				CODE_SIGN_STYLE = Manual;
				COPY_PHASE_STRIP = NO;
				DEBUG_INFORMATION_FORMAT = dwarf;
				ENABLE_STRICT_OBJC_MSGSEND = YES;
				ENABLE_TESTABILITY = YES;
				GCC_C_LANGUAGE_STANDARD = gnu11;
				GCC_DYNAMIC_NO_PIC = NO;
				GCC_NO_COMMON_BLOCKS = YES;
				GCC_OPTIMIZATION_LEVEL = 0;
				GCC_PREPROCESSOR_DEFINITIONS = (
					"DEBUG=1",
					"$(inherited)",
				);
				GCC_WARN_64_TO_32_BIT_CONVERSION = YES;
				GCC_WARN_ABOUT_RETURN_TYPE = YES_ERROR;
				GCC_WARN_UNDECLARED_SELECTOR = YES;
				GCC_WARN_UNINITIALIZED_AUTOS = YES_AGGRESSIVE;
				GCC_WARN_UNUSED_FUNCTION = YES;
				GCC_WARN_UNUSED_VARIABLE = YES;
				IPHONEOS_DEPLOYMENT_TARGET = 15.4;
				MTL_ENABLE_DEBUG_INFO = INCLUDE_SOURCE;
				MTL_FAST_MATH = YES;
				ONLY_ACTIVE_ARCH = YES;
				SDKROOT = iphoneos;
				SWIFT_ACTIVE_COMPILATION_CONDITIONS = DEBUG;
				SWIFT_OPTIMIZATION_LEVEL = "-Onone";
			};
			name = Debug;
		};
		3BB84AF4280B9508001BDABD /* Release */ = {
			isa = XCBuildConfiguration;
			buildSettings = {
				ALWAYS_SEARCH_USER_PATHS = NO;
				CLANG_ANALYZER_NONNULL = YES;
				CLANG_ANALYZER_NUMBER_OBJECT_CONVERSION = YES_AGGRESSIVE;
				CLANG_CXX_LANGUAGE_STANDARD = "gnu++17";
				CLANG_ENABLE_MODULES = YES;
				CLANG_ENABLE_OBJC_ARC = YES;
				CLANG_ENABLE_OBJC_WEAK = YES;
				CLANG_WARN_BLOCK_CAPTURE_AUTORELEASING = YES;
				CLANG_WARN_BOOL_CONVERSION = YES;
				CLANG_WARN_COMMA = YES;
				CLANG_WARN_CONSTANT_CONVERSION = YES;
				CLANG_WARN_DEPRECATED_OBJC_IMPLEMENTATIONS = YES;
				CLANG_WARN_DIRECT_OBJC_ISA_USAGE = YES_ERROR;
				CLANG_WARN_DOCUMENTATION_COMMENTS = YES;
				CLANG_WARN_EMPTY_BODY = YES;
				CLANG_WARN_ENUM_CONVERSION = YES;
				CLANG_WARN_INFINITE_RECURSION = YES;
				CLANG_WARN_INT_CONVERSION = YES;
				CLANG_WARN_NON_LITERAL_NULL_CONVERSION = YES;
				CLANG_WARN_OBJC_IMPLICIT_RETAIN_SELF = YES;
				CLANG_WARN_OBJC_LITERAL_CONVERSION = YES;
				CLANG_WARN_OBJC_ROOT_CLASS = YES_ERROR;
				CLANG_WARN_QUOTED_INCLUDE_IN_FRAMEWORK_HEADER = YES;
				CLANG_WARN_RANGE_LOOP_ANALYSIS = YES;
				CLANG_WARN_STRICT_PROTOTYPES = YES;
				CLANG_WARN_SUSPICIOUS_MOVE = YES;
				CLANG_WARN_UNGUARDED_AVAILABILITY = YES_AGGRESSIVE;
				CLANG_WARN_UNREACHABLE_CODE = YES;
				CLANG_WARN__DUPLICATE_METHOD_MATCH = YES;
				CODE_SIGN_STYLE = Manual;
				COPY_PHASE_STRIP = NO;
				DEBUG_INFORMATION_FORMAT = "dwarf-with-dsym";
				ENABLE_NS_ASSERTIONS = NO;
				ENABLE_STRICT_OBJC_MSGSEND = YES;
				GCC_C_LANGUAGE_STANDARD = gnu11;
				GCC_NO_COMMON_BLOCKS = YES;
				GCC_WARN_64_TO_32_BIT_CONVERSION = YES;
				GCC_WARN_ABOUT_RETURN_TYPE = YES_ERROR;
				GCC_WARN_UNDECLARED_SELECTOR = YES;
				GCC_WARN_UNINITIALIZED_AUTOS = YES_AGGRESSIVE;
				GCC_WARN_UNUSED_FUNCTION = YES;
				GCC_WARN_UNUSED_VARIABLE = YES;
				IPHONEOS_DEPLOYMENT_TARGET = 15.4;
				MTL_ENABLE_DEBUG_INFO = NO;
				MTL_FAST_MATH = YES;
				SDKROOT = iphoneos;
				SWIFT_COMPILATION_MODE = wholemodule;
				SWIFT_OPTIMIZATION_LEVEL = "-O";
				VALIDATE_PRODUCT = YES;
			};
			name = Release;
		};
		3BB84AF6280B9508001BDABD /* Debug */ = {
			isa = XCBuildConfiguration;
			buildSettings = {
				ASSETCATALOG_COMPILER_APPICON_NAME = AppIcon;
				ASSETCATALOG_COMPILER_GLOBAL_ACCENT_COLOR_NAME = AccentColor;
				CODE_SIGN_ALLOW_ENTITLEMENTS_MODIFICATION = YES;
				CODE_SIGN_ENTITLEMENTS = "WinFit StoryBoard/WinFit StoryBoard.entitlements";
				CODE_SIGN_STYLE = Automatic;
				CURRENT_PROJECT_VERSION = 1;
				DEVELOPMENT_TEAM = 2232269234;
				GENERATE_INFOPLIST_FILE = YES;
				INFOPLIST_FILE = "WinFit StoryBoard/Info.plist";
				INFOPLIST_KEY_NSHealthShareUsageDescription = "This app would like to read your stuff";
				INFOPLIST_KEY_NSHealthUpdateUsageDescription = "This app wants to access your health data";
				INFOPLIST_KEY_UIApplicationSupportsIndirectInputEvents = YES;
				INFOPLIST_KEY_UILaunchStoryboardName = LaunchScreen;
				INFOPLIST_KEY_UISupportedInterfaceOrientations_iPad = "UIInterfaceOrientationPortrait UIInterfaceOrientationPortraitUpsideDown UIInterfaceOrientationLandscapeLeft UIInterfaceOrientationLandscapeRight";
				INFOPLIST_KEY_UISupportedInterfaceOrientations_iPhone = "UIInterfaceOrientationPortrait UIInterfaceOrientationLandscapeLeft UIInterfaceOrientationLandscapeRight";
				IPHONEOS_DEPLOYMENT_TARGET = 15.5;
				LD_RUNPATH_SEARCH_PATHS = (
					"$(inherited)",
					"@executable_path/Frameworks",
				);
				MARKETING_VERSION = 1.0;
				PRODUCT_BUNDLE_IDENTIFIER = "bobbykiaie.WinFit-StoryBoard";
				PRODUCT_NAME = "$(TARGET_NAME)";
				SWIFT_EMIT_LOC_STRINGS = YES;
				SWIFT_VERSION = 5.0;
				TARGETED_DEVICE_FAMILY = 1;
			};
			name = Debug;
		};
		3BB84AF7280B9508001BDABD /* Release */ = {
			isa = XCBuildConfiguration;
			buildSettings = {
				ASSETCATALOG_COMPILER_APPICON_NAME = AppIcon;
				ASSETCATALOG_COMPILER_GLOBAL_ACCENT_COLOR_NAME = AccentColor;
				CODE_SIGN_ALLOW_ENTITLEMENTS_MODIFICATION = YES;
				CODE_SIGN_ENTITLEMENTS = "WinFit StoryBoard/WinFit StoryBoard.entitlements";
				CODE_SIGN_STYLE = Automatic;
				CURRENT_PROJECT_VERSION = 1;
				DEVELOPMENT_TEAM = 2232269234;
				GENERATE_INFOPLIST_FILE = YES;
				INFOPLIST_FILE = "WinFit StoryBoard/Info.plist";
				INFOPLIST_KEY_NSHealthShareUsageDescription = "This app would like to read your stuff";
				INFOPLIST_KEY_NSHealthUpdateUsageDescription = "This app wants to access your health data";
				INFOPLIST_KEY_UIApplicationSupportsIndirectInputEvents = YES;
				INFOPLIST_KEY_UILaunchStoryboardName = LaunchScreen;
				INFOPLIST_KEY_UISupportedInterfaceOrientations_iPad = "UIInterfaceOrientationPortrait UIInterfaceOrientationPortraitUpsideDown UIInterfaceOrientationLandscapeLeft UIInterfaceOrientationLandscapeRight";
				INFOPLIST_KEY_UISupportedInterfaceOrientations_iPhone = "UIInterfaceOrientationPortrait UIInterfaceOrientationLandscapeLeft UIInterfaceOrientationLandscapeRight";
				IPHONEOS_DEPLOYMENT_TARGET = 15.5;
				LD_RUNPATH_SEARCH_PATHS = (
					"$(inherited)",
					"@executable_path/Frameworks",
				);
				MARKETING_VERSION = 1.0;
				PRODUCT_BUNDLE_IDENTIFIER = "bobbykiaie.WinFit-StoryBoardT";
				PRODUCT_NAME = "$(TARGET_NAME)";
				SWIFT_EMIT_LOC_STRINGS = YES;
				SWIFT_VERSION = 5.0;
				TARGETED_DEVICE_FAMILY = 1;
			};
			name = Release;
		};
/* End XCBuildConfiguration section */

/* Begin XCConfigurationList section */
		3BB84ADC280B9507001BDABD /* Build configuration list for PBXProject "WinFit StoryBoard" */ = {
			isa = XCConfigurationList;
			buildConfigurations = (
				3BB84AF3280B9508001BDABD /* Debug */,
				3BB84AF4280B9508001BDABD /* Release */,
			);
			defaultConfigurationIsVisible = 0;
			defaultConfigurationName = Release;
		};
		3BB84AF5280B9508001BDABD /* Build configuration list for PBXNativeTarget "WinFit StoryBoard" */ = {
			isa = XCConfigurationList;
			buildConfigurations = (
				3BB84AF6280B9508001BDABD /* Debug */,
				3BB84AF7280B9508001BDABD /* Release */,
			);
			defaultConfigurationIsVisible = 0;
			defaultConfigurationName = Release;
		};
/* End XCConfigurationList section */

/* Begin XCRemoteSwiftPackageReference section */
		3B2E016328C6E34F0014322C /* XCRemoteSwiftPackageReference "firebase-ios-sdk" */ = {
			isa = XCRemoteSwiftPackageReference;
			repositoryURL = "https://github.com/firebase/firebase-ios-sdk";
			requirement = {
				kind = upToNextMajorVersion;
				minimumVersion = 9.0.0;
			};
		};
		3B2E016628C6E3EF0014322C /* XCRemoteSwiftPackageReference "firebase-ios-sdk" */ = {
			isa = XCRemoteSwiftPackageReference;
			repositoryURL = "https://github.com/firebase/firebase-ios-sdk";
			requirement = {
				branch = master;
				kind = branch;
			};
		};
		3B6A4FFE281B8B3100134B6E /* XCRemoteSwiftPackageReference "firebase-ios-sdk" */ = {
			isa = XCRemoteSwiftPackageReference;
			repositoryURL = "https://github.com/firebase/firebase-ios-sdk";
			requirement = {
				kind = upToNextMajorVersion;
				minimumVersion = 8.0.0;
			};
		};
		3B6A5003281B8B9A00134B6E /* XCRemoteSwiftPackageReference "FirebaseUI-iOS" */ = {
			isa = XCRemoteSwiftPackageReference;
			repositoryURL = "https://github.com/firebase/FirebaseUI-iOS";
			requirement = {
				branch = master;
				kind = branch;
			};
		};
/* End XCRemoteSwiftPackageReference section */

/* Begin XCSwiftPackageProductDependency section */
		3B2E016428C6E34F0014322C /* FirebaseStorage */ = {
			isa = XCSwiftPackageProductDependency;
			package = 3B2E016328C6E34F0014322C /* XCRemoteSwiftPackageReference "firebase-ios-sdk" */;
			productName = FirebaseStorage;
		};
		3B2E016728C6E3EF0014322C /* FirebaseAuth */ = {
			isa = XCSwiftPackageProductDependency;
			package = 3B2E016628C6E3EF0014322C /* XCRemoteSwiftPackageReference "firebase-ios-sdk" */;
			productName = FirebaseAuth;
		};
		3B2E016928C6E3EF0014322C /* FirebaseDatabase */ = {
			isa = XCSwiftPackageProductDependency;
			package = 3B2E016628C6E3EF0014322C /* XCRemoteSwiftPackageReference "firebase-ios-sdk" */;
			productName = FirebaseDatabase;
		};
		3B2E016B28C6E3EF0014322C /* FirebaseDatabaseSwift */ = {
			isa = XCSwiftPackageProductDependency;
			package = 3B2E016628C6E3EF0014322C /* XCRemoteSwiftPackageReference "firebase-ios-sdk" */;
			productName = FirebaseDatabaseSwift;
		};
		3B2E016D28C6E3EF0014322C /* FirebaseFirestore */ = {
			isa = XCSwiftPackageProductDependency;
			package = 3B2E016628C6E3EF0014322C /* XCRemoteSwiftPackageReference "firebase-ios-sdk" */;
			productName = FirebaseFirestore;
		};
		3B2E016F28C6E3EF0014322C /* FirebaseStorage */ = {
			isa = XCSwiftPackageProductDependency;
			package = 3B2E016628C6E3EF0014322C /* XCRemoteSwiftPackageReference "firebase-ios-sdk" */;
			productName = FirebaseStorage;
		};
		3B6A4FFF281B8B3100134B6E /* FirebaseAuth */ = {
			isa = XCSwiftPackageProductDependency;
			package = 3B6A4FFE281B8B3100134B6E /* XCRemoteSwiftPackageReference "firebase-ios-sdk" */;
			productName = FirebaseAuth;
		};
		3B6A5001281B8B3100134B6E /* FirebaseFirestore */ = {
			isa = XCSwiftPackageProductDependency;
			package = 3B6A4FFE281B8B3100134B6E /* XCRemoteSwiftPackageReference "firebase-ios-sdk" */;
			productName = FirebaseFirestore;
		};
		3B6A5004281B8B9A00134B6E /* FirebaseAuthUI */ = {
			isa = XCSwiftPackageProductDependency;
			package = 3B6A5003281B8B9A00134B6E /* XCRemoteSwiftPackageReference "FirebaseUI-iOS" */;
			productName = FirebaseAuthUI;
		};
		3B6A5006281B8B9A00134B6E /* FirebaseEmailAuthUI */ = {
			isa = XCSwiftPackageProductDependency;
			package = 3B6A5003281B8B9A00134B6E /* XCRemoteSwiftPackageReference "FirebaseUI-iOS" */;
			productName = FirebaseEmailAuthUI;
		};
		3B6A5008281B8B9A00134B6E /* FirebaseFirestoreUI */ = {
			isa = XCSwiftPackageProductDependency;
			package = 3B6A5003281B8B9A00134B6E /* XCRemoteSwiftPackageReference "FirebaseUI-iOS" */;
			productName = FirebaseFirestoreUI;
		};
/* End XCSwiftPackageProductDependency section */
	};
	rootObject = 3BB84AD9280B9507001BDABD /* Project object */;
}
